
Microsoft Visual Studio Solution File, Format Version 12.00
# Visual Studio Version 16
VisualStudioVersion = 16.0.30204.135
MinimumVisualStudioVersion = 10.0.40219.1
Project("{FAE04EC0-301F-11D3-BF4B-00C04F79EFBC}") = "EndavaWebSecurity", "EndavaWebSecurity\EndavaWebSecurity.csproj", "{314A648D-2C56-4320-9458-139B7659BAEE}"
EndProject
Global
	GlobalSection(SolutionConfigurationPlatforms) = preSolution
		Debug|Any CPU = Debug|Any CPU
		Release|Any CPU = Release|Any CPU
	EndGlobalSection
	GlobalSection(ProjectConfigurationPlatforms) = postSolution
		{314A648D-2C56-4320-9458-139B7659BAEE}.Debug|Any CPU.ActiveCfg = Debug|Any CPU
		{314A648D-2C56-4320-9458-139B7659BAEE}.Debug|Any CPU.Build.0 = Debug|Any CPU
		{314A648D-2C56-4320-9458-139B7659BAEE}.Release|Any CPU.ActiveCfg = Release|Any CPU
		{314A648D-2C56-4320-9458-139B7659BAEE}.Release|Any CPU.Build.0 = Release|Any CPU
	EndGlobalSection
	GlobalSection(SolutionProperties) = preSolution
		HideSolutionNode = FALSE
	EndGlobalSection
	GlobalSection(ExtensibilityGlobals) = postSolution
		SolutionGuid = {73BCC5D9-8811-4767-BADC-BEF825205703}
	EndGlobalSection
EndGlobal
